// !$*UTF8*$!
{
	archiveVersion = 1;
	classes = {
	};
	objectVersion = 46;
	objects = {

/* Begin PBXBuildFile section */
		0414337A1BE0F167006E826A /* SeekViewController.m in Sources */ = {isa = PBXBuildFile; fileRef = 041433791BE0F167006E826A /* SeekViewController.m */; settings = {ASSET_TAGS = (); }; };
		0414337D1BE100D6006E826A /* UIView+viewController.m in Sources */ = {isa = PBXBuildFile; fileRef = 0414337C1BE100D6006E826A /* UIView+viewController.m */; settings = {ASSET_TAGS = (); }; };
		0441E3491BE1EE5E003EC220 /* HomesViewController.m in Sources */ = {isa = PBXBuildFile; fileRef = 0441E3481BE1EE5E003EC220 /* HomesViewController.m */; settings = {ASSET_TAGS = (); }; };
		0441E34C1BE1F08F003EC220 /* HomeModel.m in Sources */ = {isa = PBXBuildFile; fileRef = 0441E34B1BE1F08F003EC220 /* HomeModel.m */; settings = {ASSET_TAGS = (); }; };
		0441E34F1BE1F3C7003EC220 /* ContentView.m in Sources */ = {isa = PBXBuildFile; fileRef = 0441E34E1BE1F3C7003EC220 /* ContentView.m */; settings = {ASSET_TAGS = (); }; };
		0441E3531BE2183F003EC220 /* Reveal.framework in Frameworks */ = {isa = PBXBuildFile; fileRef = 0441E3521BE2183F003EC220 /* Reveal.framework */; settings = {ASSET_TAGS = (); }; };
		0441E3551BE21B9F003EC220 /* ContentView.xib in Resources */ = {isa = PBXBuildFile; fileRef = 0441E3541BE21B9F003EC220 /* ContentView.xib */; settings = {ASSET_TAGS = (); }; };
		04714C041BE1C2660099739E /* SeekArticleViewController.m in Sources */ = {isa = PBXBuildFile; fileRef = 04714C031BE1C2660099739E /* SeekArticleViewController.m */; settings = {ASSET_TAGS = (); }; };
		04B61BA71BDF9326009A79E0 /* BaseModel.m in Sources */ = {isa = PBXBuildFile; fileRef = 04B61BA61BDF9326009A79E0 /* BaseModel.m */; settings = {ASSET_TAGS = (); }; };
		04B61BCD1BDFA18B009A79E0 /* MKAnnotationView+WebCache.m in Sources */ = {isa = PBXBuildFile; fileRef = 04B61BAD1BDFA18B009A79E0 /* MKAnnotationView+WebCache.m */; settings = {ASSET_TAGS = (); }; };
		04B61BCE1BDFA18B009A79E0 /* NSData+ImageContentType.m in Sources */ = {isa = PBXBuildFile; fileRef = 04B61BAF1BDFA18B009A79E0 /* NSData+ImageContentType.m */; settings = {ASSET_TAGS = (); }; };
		04B61BCF1BDFA18B009A79E0 /* SDImageCache.m in Sources */ = {isa = PBXBuildFile; fileRef = 04B61BB11BDFA18B009A79E0 /* SDImageCache.m */; settings = {ASSET_TAGS = (); }; };
		04B61BD01BDFA18B009A79E0 /* SDWebImageCompat.m in Sources */ = {isa = PBXBuildFile; fileRef = 04B61BB31BDFA18B009A79E0 /* SDWebImageCompat.m */; settings = {ASSET_TAGS = (); }; };
		04B61BD11BDFA18B009A79E0 /* SDWebImageDecoder.m in Sources */ = {isa = PBXBuildFile; fileRef = 04B61BB51BDFA18B009A79E0 /* SDWebImageDecoder.m */; settings = {ASSET_TAGS = (); }; };
		04B61BD21BDFA18B009A79E0 /* SDWebImageDownloader.m in Sources */ = {isa = PBXBuildFile; fileRef = 04B61BB71BDFA18B009A79E0 /* SDWebImageDownloader.m */; settings = {ASSET_TAGS = (); }; };
		04B61BD31BDFA18B009A79E0 /* SDWebImageDownloaderOperation.m in Sources */ = {isa = PBXBuildFile; fileRef = 04B61BB91BDFA18B009A79E0 /* SDWebImageDownloaderOperation.m */; settings = {ASSET_TAGS = (); }; };
		04B61BD41BDFA18B009A79E0 /* SDWebImageManager.m in Sources */ = {isa = PBXBuildFile; fileRef = 04B61BBB1BDFA18B009A79E0 /* SDWebImageManager.m */; settings = {ASSET_TAGS = (); }; };
		04B61BD51BDFA18B009A79E0 /* SDWebImagePrefetcher.m in Sources */ = {isa = PBXBuildFile; fileRef = 04B61BBE1BDFA18B009A79E0 /* SDWebImagePrefetcher.m */; settings = {ASSET_TAGS = (); }; };
		04B61BD61BDFA18B009A79E0 /* UIButton+WebCache.m in Sources */ = {isa = PBXBuildFile; fileRef = 04B61BC01BDFA18B009A79E0 /* UIButton+WebCache.m */; settings = {ASSET_TAGS = (); }; };
		04B61BD71BDFA18B009A79E0 /* UIImage+GIF.m in Sources */ = {isa = PBXBuildFile; fileRef = 04B61BC21BDFA18B009A79E0 /* UIImage+GIF.m */; settings = {ASSET_TAGS = (); }; };
		04B61BD81BDFA18B009A79E0 /* UIImage+MultiFormat.m in Sources */ = {isa = PBXBuildFile; fileRef = 04B61BC41BDFA18B009A79E0 /* UIImage+MultiFormat.m */; settings = {ASSET_TAGS = (); }; };
		04B61BD91BDFA18B009A79E0 /* UIImage+WebP.m in Sources */ = {isa = PBXBuildFile; fileRef = 04B61BC61BDFA18B009A79E0 /* UIImage+WebP.m */; settings = {ASSET_TAGS = (); }; };
		04B61BDA1BDFA18B009A79E0 /* UIImageView+HighlightedWebCache.m in Sources */ = {isa = PBXBuildFile; fileRef = 04B61BC81BDFA18B009A79E0 /* UIImageView+HighlightedWebCache.m */; settings = {ASSET_TAGS = (); }; };
		04B61BDB1BDFA18B009A79E0 /* UIImageView+WebCache.m in Sources */ = {isa = PBXBuildFile; fileRef = 04B61BCA1BDFA18B009A79E0 /* UIImageView+WebCache.m */; settings = {ASSET_TAGS = (); }; };
		04B61BDC1BDFA18B009A79E0 /* UIView+WebCacheOperation.m in Sources */ = {isa = PBXBuildFile; fileRef = 04B61BCC1BDFA18B009A79E0 /* UIView+WebCacheOperation.m */; settings = {ASSET_TAGS = (); }; };
		04B61BE01BDFAB88009A79E0 /* ContentCell.m in Sources */ = {isa = PBXBuildFile; fileRef = 04B61BDE1BDFAB88009A79E0 /* ContentCell.m */; settings = {ASSET_TAGS = (); }; };
		04B61BE11BDFAB88009A79E0 /* ContentCell.xib in Resources */ = {isa = PBXBuildFile; fileRef = 04B61BDF1BDFAB88009A79E0 /* ContentCell.xib */; settings = {ASSET_TAGS = (); }; };
		04B61BE71BDFABBE009A79E0 /* RegexKitLite.m in Sources */ = {isa = PBXBuildFile; fileRef = 04B61BE41BDFABBE009A79E0 /* RegexKitLite.m */; settings = {COMPILER_FLAGS = "-fno-objc-arc"; }; };
		04B61BE81BDFABBE009A79E0 /* WXLabel.m in Sources */ = {isa = PBXBuildFile; fileRef = 04B61BE61BDFABBE009A79E0 /* WXLabel.m */; settings = {ASSET_TAGS = (); }; };
		04B61BEA1BDFABD1009A79E0 /* libicucore.tbd in Frameworks */ = {isa = PBXBuildFile; fileRef = 04B61BE91BDFABD1009A79E0 /* libicucore.tbd */; };
		04B61BED1BDFABE9009A79E0 /* UIViewExt.m in Sources */ = {isa = PBXBuildFile; fileRef = 04B61BEC1BDFABE9009A79E0 /* UIViewExt.m */; settings = {ASSET_TAGS = (); }; };
		04B61BEE1BDFABF0009A79E0 /* RegexKitLite.h in Sources */ = {isa = PBXBuildFile; fileRef = 04B61BE31BDFABBE009A79E0 /* RegexKitLite.h */; settings = {COMPILER_FLAGS = "-fno-objc-arc"; }; };
		04E6D70E1BDF54D300F3EBD0 /* main.m in Sources */ = {isa = PBXBuildFile; fileRef = 04E6D70D1BDF54D300F3EBD0 /* main.m */; };
		04E6D7111BDF54D300F3EBD0 /* AppDelegate.m in Sources */ = {isa = PBXBuildFile; fileRef = 04E6D7101BDF54D300F3EBD0 /* AppDelegate.m */; };
		04E6D7141BDF54D300F3EBD0 /* ViewController.m in Sources */ = {isa = PBXBuildFile; fileRef = 04E6D7131BDF54D300F3EBD0 /* ViewController.m */; };
		04E6D7171BDF54D300F3EBD0 /* Main.storyboard in Resources */ = {isa = PBXBuildFile; fileRef = 04E6D7151BDF54D300F3EBD0 /* Main.storyboard */; };
		04E6D7191BDF54D300F3EBD0 /* Assets.xcassets in Resources */ = {isa = PBXBuildFile; fileRef = 04E6D7181BDF54D300F3EBD0 /* Assets.xcassets */; };
		04E6D71C1BDF54D300F3EBD0 /* LaunchScreen.storyboard in Resources */ = {isa = PBXBuildFile; fileRef = 04E6D71A1BDF54D300F3EBD0 /* LaunchScreen.storyboard */; };
		04E6D7271BDF54D300F3EBD0 /* OneTests.m in Sources */ = {isa = PBXBuildFile; fileRef = 04E6D7261BDF54D300F3EBD0 /* OneTests.m */; };
		04E6D7321BDF54D300F3EBD0 /* OneUITests.m in Sources */ = {isa = PBXBuildFile; fileRef = 04E6D7311BDF54D300F3EBD0 /* OneUITests.m */; };
		04E6D7531BDF57C600F3EBD0 /* MainTabController.m in Sources */ = {isa = PBXBuildFile; fileRef = 04E6D7521BDF57C600F3EBD0 /* MainTabController.m */; settings = {ASSET_TAGS = (); }; };
		04E6D7591BDF5B0A00F3EBD0 /* TabBarBtn.m in Sources */ = {isa = PBXBuildFile; fileRef = 04E6D7581BDF5B0A00F3EBD0 /* TabBarBtn.m */; settings = {ASSET_TAGS = (); }; };
		04E6D7691BDF605200F3EBD0 /* contBack@2x.png in Resources */ = {isa = PBXBuildFile; fileRef = 04E6D75C1BDF605200F3EBD0 /* contBack@2x.png */; settings = {ASSET_TAGS = (); }; };
		04E6D76A1BDF605200F3EBD0 /* login_logo@2x.png in Resources */ = {isa = PBXBuildFile; fileRef = 04E6D75D1BDF605200F3EBD0 /* login_logo@2x.png */; settings = {ASSET_TAGS = (); }; };
		04E6D76B1BDF605200F3EBD0 /* home@2x.png in Resources */ = {isa = PBXBuildFile; fileRef = 04E6D75F1BDF605200F3EBD0 /* home@2x.png */; settings = {ASSET_TAGS = (); }; };
		04E6D76C1BDF605200F3EBD0 /* homeSelected@2x.png in Resources */ = {isa = PBXBuildFile; fileRef = 04E6D7601BDF605200F3EBD0 /* homeSelected@2x.png */; settings = {ASSET_TAGS = (); }; };
		04E6D76D1BDF605200F3EBD0 /* person@2x.png in Resources */ = {isa = PBXBuildFile; fileRef = 04E6D7611BDF605200F3EBD0 /* person@2x.png */; settings = {ASSET_TAGS = (); }; };
		04E6D76E1BDF605200F3EBD0 /* personSelected@2x.png in Resources */ = {isa = PBXBuildFile; fileRef = 04E6D7621BDF605200F3EBD0 /* personSelected@2x.png */; settings = {ASSET_TAGS = (); }; };
		04E6D76F1BDF605200F3EBD0 /* question@2x.png in Resources */ = {isa = PBXBuildFile; fileRef = 04E6D7631BDF605200F3EBD0 /* question@2x.png */; settings = {ASSET_TAGS = (); }; };
		04E6D7701BDF605200F3EBD0 /* questionSelected@2x.png in Resources */ = {isa = PBXBuildFile; fileRef = 04E6D7641BDF605200F3EBD0 /* questionSelected@2x.png */; settings = {ASSET_TAGS = (); }; };
		04E6D7711BDF605200F3EBD0 /* reading@2x.png in Resources */ = {isa = PBXBuildFile; fileRef = 04E6D7651BDF605200F3EBD0 /* reading@2x.png */; settings = {ASSET_TAGS = (); }; };
		04E6D7721BDF605200F3EBD0 /* readingSelected@2x.png in Resources */ = {isa = PBXBuildFile; fileRef = 04E6D7661BDF605200F3EBD0 /* readingSelected@2x.png */; settings = {ASSET_TAGS = (); }; };
		04E6D7731BDF605200F3EBD0 /* thing@2x.png in Resources */ = {isa = PBXBuildFile; fileRef = 04E6D7671BDF605200F3EBD0 /* thing@2x.png */; settings = {ASSET_TAGS = (); }; };
		04E6D7741BDF605200F3EBD0 /* thingSelected@2x.png in Resources */ = {isa = PBXBuildFile; fileRef = 04E6D7681BDF605200F3EBD0 /* thingSelected@2x.png */; settings = {ASSET_TAGS = (); }; };
		04E6D7761BDF618600F3EBD0 /* Article.storyboard in Resources */ = {isa = PBXBuildFile; fileRef = 04E6D7751BDF618600F3EBD0 /* Article.storyboard */; settings = {ASSET_TAGS = (); }; };
		04E6D7791BDF61D300F3EBD0 /* BaseViewController.m in Sources */ = {isa = PBXBuildFile; fileRef = 04E6D7781BDF61D300F3EBD0 /* BaseViewController.m */; settings = {ASSET_TAGS = (); }; };
		04E6D77C1BDF61E700F3EBD0 /* ArticleViewController.m in Sources */ = {isa = PBXBuildFile; fileRef = 04E6D77B1BDF61E700F3EBD0 /* ArticleViewController.m */; settings = {ASSET_TAGS = (); }; };
		04E6D77F1BDF624200F3EBD0 /* BaseNaviController.m in Sources */ = {isa = PBXBuildFile; fileRef = 04E6D77E1BDF624200F3EBD0 /* BaseNaviController.m */; settings = {ASSET_TAGS = (); }; };
		04E6D7811BDF625500F3EBD0 /* Home.storyboard in Resources */ = {isa = PBXBuildFile; fileRef = 04E6D7801BDF625500F3EBD0 /* Home.storyboard */; settings = {ASSET_TAGS = (); }; };
		04E6D78E1BDF630200F3EBD0 /* Question.storyboard in Resources */ = {isa = PBXBuildFile; fileRef = 04E6D78D1BDF630200F3EBD0 /* Question.storyboard */; settings = {ASSET_TAGS = (); }; };
		04E6D7911BDF630F00F3EBD0 /* QuestionViewController.m in Sources */ = {isa = PBXBuildFile; fileRef = 04E6D7901BDF630F00F3EBD0 /* QuestionViewController.m */; settings = {ASSET_TAGS = (); }; };
		04E6D7951BDF6AD000F3EBD0 /* home_like_hl@2x.png in Resources */ = {isa = PBXBuildFile; fileRef = 04E6D7921BDF6AD000F3EBD0 /* home_like_hl@2x.png */; settings = {ASSET_TAGS = (); }; };
		04E6D7961BDF6AD000F3EBD0 /* home_like@2x.png in Resources */ = {isa = PBXBuildFile; fileRef = 04E6D7931BDF6AD000F3EBD0 /* home_like@2x.png */; settings = {ASSET_TAGS = (); }; };
		04E6D7971BDF6AD000F3EBD0 /* home_likeBg@2x.png in Resources */ = {isa = PBXBuildFile; fileRef = 04E6D7941BDF6AD000F3EBD0 /* home_likeBg@2x.png */; settings = {ASSET_TAGS = (); }; };
		04E6D7991BDF6AF600F3EBD0 /* navLogo@2x.png in Resources */ = {isa = PBXBuildFile; fileRef = 04E6D7981BDF6AF600F3EBD0 /* navLogo@2x.png */; settings = {ASSET_TAGS = (); }; };
		04E6D79B1BDF6BAF00F3EBD0 /* shareBtn@2x.png in Resources */ = {isa = PBXBuildFile; fileRef = 04E6D79A1BDF6BAF00F3EBD0 /* shareBtn@2x.png */; settings = {ASSET_TAGS = (); }; };
		04E6D79E1BDF6FD000F3EBD0 /* HomeTableView.m in Sources */ = {isa = PBXBuildFile; fileRef = 04E6D79D1BDF6FD000F3EBD0 /* HomeTableView.m */; settings = {ASSET_TAGS = (); }; };
		04F223E11BE0A9B8001A51CB /* RightViewController.m in Sources */ = {isa = PBXBuildFile; fileRef = 04F223E01BE0A9B8001A51CB /* RightViewController.m */; settings = {ASSET_TAGS = (); }; };
		04F223ED1BE0A9EE001A51CB /* MMDrawerBarButtonItem.m in Sources */ = {isa = PBXBuildFile; fileRef = 04F223E41BE0A9EE001A51CB /* MMDrawerBarButtonItem.m */; settings = {ASSET_TAGS = (); }; };
		04F223EE1BE0A9EE001A51CB /* MMDrawerController.m in Sources */ = {isa = PBXBuildFile; fileRef = 04F223E61BE0A9EE001A51CB /* MMDrawerController.m */; settings = {ASSET_TAGS = (); }; };
		04F223EF1BE0A9EE001A51CB /* MMDrawerVisualState.m in Sources */ = {isa = PBXBuildFile; fileRef = 04F223E81BE0A9EE001A51CB /* MMDrawerVisualState.m */; settings = {ASSET_TAGS = (); }; };
		04F223F01BE0A9EE001A51CB /* MMExampleDrawerVisualStateManager.m in Sources */ = {isa = PBXBuildFile; fileRef = 04F223EA1BE0A9EE001A51CB /* MMExampleDrawerVisualStateManager.m */; settings = {ASSET_TAGS = (); }; };
		04F223F11BE0A9EE001A51CB /* UIViewController+MMDrawerController.m in Sources */ = {isa = PBXBuildFile; fileRef = 04F223EC1BE0A9EE001A51CB /* UIViewController+MMDrawerController.m */; settings = {ASSET_TAGS = (); }; };
		04F223F51BE0AAB2001A51CB /* goButton@2x.png in Resources */ = {isa = PBXBuildFile; fileRef = 04F223F21BE0AAB2001A51CB /* goButton@2x.png */; settings = {ASSET_TAGS = (); }; };
		04F223F61BE0AAB2001A51CB /* share_sina@2x.png in Resources */ = {isa = PBXBuildFile; fileRef = 04F223F31BE0AAB2001A51CB /* share_sina@2x.png */; settings = {ASSET_TAGS = (); }; };
		04F223F71BE0AAB2001A51CB /* share_sinaH@2x.png in Resources */ = {isa = PBXBuildFile; fileRef = 04F223F41BE0AAB2001A51CB /* share_sinaH@2x.png */; settings = {ASSET_TAGS = (); }; };
/* End PBXBuildFile section */

/* Begin PBXContainerItemProxy section */
		04E6D7231BDF54D300F3EBD0 /* PBXContainerItemProxy */ = {
			isa = PBXContainerItemProxy;
			containerPortal = 04E6D7011BDF54D200F3EBD0 /* Project object */;
			proxyType = 1;
			remoteGlobalIDString = 04E6D7081BDF54D200F3EBD0;
			remoteInfo = One;
		};
		04E6D72E1BDF54D300F3EBD0 /* PBXContainerItemProxy */ = {
			isa = PBXContainerItemProxy;
			containerPortal = 04E6D7011BDF54D200F3EBD0 /* Project object */;
			proxyType = 1;
			remoteGlobalIDString = 04E6D7081BDF54D200F3EBD0;
			remoteInfo = One;
		};
/* End PBXContainerItemProxy section */

/* Begin PBXFileReference section */
		041433781BE0F167006E826A /* SeekViewController.h */ = {isa = PBXFileReference; fileEncoding = 4; lastKnownFileType = sourcecode.c.h; path = SeekViewController.h; sourceTree = "<group>"; };
		041433791BE0F167006E826A /* SeekViewController.m */ = {isa = PBXFileReference; fileEncoding = 4; lastKnownFileType = sourcecode.c.objc; path = SeekViewController.m; sourceTree = "<group>"; };
		0414337B1BE100D6006E826A /* UIView+viewController.h */ = {isa = PBXFileReference; fileEncoding = 4; lastKnownFileType = sourcecode.c.h; path = "UIView+viewController.h"; sourceTree = "<group>"; };
		0414337C1BE100D6006E826A /* UIView+viewController.m */ = {isa = PBXFileReference; fileEncoding = 4; lastKnownFileType = sourcecode.c.objc; path = "UIView+viewController.m"; sourceTree = "<group>"; };
		0441E3471BE1EE5E003EC220 /* HomesViewController.h */ = {isa = PBXFileReference; fileEncoding = 4; lastKnownFileType = sourcecode.c.h; path = HomesViewController.h; sourceTree = "<group>"; };
		0441E3481BE1EE5E003EC220 /* HomesViewController.m */ = {isa = PBXFileReference; fileEncoding = 4; lastKnownFileType = sourcecode.c.objc; path = HomesViewController.m; sourceTree = "<group>"; };
		0441E34A1BE1F08F003EC220 /* HomeModel.h */ = {isa = PBXFileReference; fileEncoding = 4; lastKnownFileType = sourcecode.c.h; path = HomeModel.h; sourceTree = "<group>"; };
		0441E34B1BE1F08F003EC220 /* HomeModel.m */ = {isa = PBXFileReference; fileEncoding = 4; lastKnownFileType = sourcecode.c.objc; path = HomeModel.m; sourceTree = "<group>"; };
		0441E34D1BE1F3C7003EC220 /* ContentView.h */ = {isa = PBXFileReference; fileEncoding = 4; lastKnownFileType = sourcecode.c.h; path = ContentView.h; sourceTree = "<group>"; };
		0441E34E1BE1F3C7003EC220 /* ContentView.m */ = {isa = PBXFileReference; fileEncoding = 4; lastKnownFileType = sourcecode.c.objc; path = ContentView.m; sourceTree = "<group>"; };
		0441E3521BE2183F003EC220 /* Reveal.framework */ = {isa = PBXFileReference; lastKnownFileType = wrapper.framework; path = Reveal.framework; sourceTree = "<group>"; };
		0441E3541BE21B9F003EC220 /* ContentView.xib */ = {isa = PBXFileReference; fileEncoding = 4; lastKnownFileType = file.xib; path = ContentView.xib; sourceTree = "<group>"; };
		04714C021BE1C2660099739E /* SeekArticleViewController.h */ = {isa = PBXFileReference; fileEncoding = 4; lastKnownFileType = sourcecode.c.h; path = SeekArticleViewController.h; sourceTree = "<group>"; };
		04714C031BE1C2660099739E /* SeekArticleViewController.m */ = {isa = PBXFileReference; fileEncoding = 4; lastKnownFileType = sourcecode.c.objc; path = SeekArticleViewController.m; sourceTree = "<group>"; };
		04B61BA51BDF9326009A79E0 /* BaseModel.h */ = {isa = PBXFileReference; fileEncoding = 4; lastKnownFileType = sourcecode.c.h; path = BaseModel.h; sourceTree = "<group>"; };
		04B61BA61BDF9326009A79E0 /* BaseModel.m */ = {isa = PBXFileReference; fileEncoding = 4; lastKnownFileType = sourcecode.c.objc; path = BaseModel.m; sourceTree = "<group>"; };
		04B61BAC1BDFA18B009A79E0 /* MKAnnotationView+WebCache.h */ = {isa = PBXFileReference; fileEncoding = 4; lastKnownFileType = sourcecode.c.h; path = "MKAnnotationView+WebCache.h"; sourceTree = "<group>"; };
		04B61BAD1BDFA18B009A79E0 /* MKAnnotationView+WebCache.m */ = {isa = PBXFileReference; fileEncoding = 4; lastKnownFileType = sourcecode.c.objc; path = "MKAnnotationView+WebCache.m"; sourceTree = "<group>"; };
		04B61BAE1BDFA18B009A79E0 /* NSData+ImageContentType.h */ = {isa = PBXFileReference; fileEncoding = 4; lastKnownFileType = sourcecode.c.h; path = "NSData+ImageContentType.h"; sourceTree = "<group>"; };
		04B61BAF1BDFA18B009A79E0 /* NSData+ImageContentType.m */ = {isa = PBXFileReference; fileEncoding = 4; lastKnownFileType = sourcecode.c.objc; path = "NSData+ImageContentType.m"; sourceTree = "<group>"; };
		04B61BB01BDFA18B009A79E0 /* SDImageCache.h */ = {isa = PBXFileReference; fileEncoding = 4; lastKnownFileType = sourcecode.c.h; path = SDImageCache.h; sourceTree = "<group>"; };
		04B61BB11BDFA18B009A79E0 /* SDImageCache.m */ = {isa = PBXFileReference; fileEncoding = 4; lastKnownFileType = sourcecode.c.objc; path = SDImageCache.m; sourceTree = "<group>"; };
		04B61BB21BDFA18B009A79E0 /* SDWebImageCompat.h */ = {isa = PBXFileReference; fileEncoding = 4; lastKnownFileType = sourcecode.c.h; path = SDWebImageCompat.h; sourceTree = "<group>"; };
		04B61BB31BDFA18B009A79E0 /* SDWebImageCompat.m */ = {isa = PBXFileReference; fileEncoding = 4; lastKnownFileType = sourcecode.c.objc; path = SDWebImageCompat.m; sourceTree = "<group>"; };
		04B61BB41BDFA18B009A79E0 /* SDWebImageDecoder.h */ = {isa = PBXFileReference; fileEncoding = 4; lastKnownFileType = sourcecode.c.h; path = SDWebImageDecoder.h; sourceTree = "<group>"; };
		04B61BB51BDFA18B009A79E0 /* SDWebImageDecoder.m */ = {isa = PBXFileReference; fileEncoding = 4; lastKnownFileType = sourcecode.c.objc; path = SDWebImageDecoder.m; sourceTree = "<group>"; };
		04B61BB61BDFA18B009A79E0 /* SDWebImageDownloader.h */ = {isa = PBXFileReference; fileEncoding = 4; lastKnownFileType = sourcecode.c.h; path = SDWebImageDownloader.h; sourceTree = "<group>"; };
		04B61BB71BDFA18B009A79E0 /* SDWebImageDownloader.m */ = {isa = PBXFileReference; fileEncoding = 4; lastKnownFileType = sourcecode.c.objc; path = SDWebImageDownloader.m; sourceTree = "<group>"; };
		04B61BB81BDFA18B009A79E0 /* SDWebImageDownloaderOperation.h */ = {isa = PBXFileReference; fileEncoding = 4; lastKnownFileType = sourcecode.c.h; path = SDWebImageDownloaderOperation.h; sourceTree = "<group>"; };
		04B61BB91BDFA18B009A79E0 /* SDWebImageDownloaderOperation.m */ = {isa = PBXFileReference; fileEncoding = 4; lastKnownFileType = sourcecode.c.objc; path = SDWebImageDownloaderOperation.m; sourceTree = "<group>"; };
		04B61BBA1BDFA18B009A79E0 /* SDWebImageManager.h */ = {isa = PBXFileReference; fileEncoding = 4; lastKnownFileType = sourcecode.c.h; path = SDWebImageManager.h; sourceTree = "<group>"; };
		04B61BBB1BDFA18B009A79E0 /* SDWebImageManager.m */ = {isa = PBXFileReference; fileEncoding = 4; lastKnownFileType = sourcecode.c.objc; path = SDWebImageManager.m; sourceTree = "<group>"; };
		04B61BBC1BDFA18B009A79E0 /* SDWebImageOperation.h */ = {isa = PBXFileReference; fileEncoding = 4; lastKnownFileType = sourcecode.c.h; path = SDWebImageOperation.h; sourceTree = "<group>"; };
		04B61BBD1BDFA18B009A79E0 /* SDWebImagePrefetcher.h */ = {isa = PBXFileReference; fileEncoding = 4; lastKnownFileType = sourcecode.c.h; path = SDWebImagePrefetcher.h; sourceTree = "<group>"; };
		04B61BBE1BDFA18B009A79E0 /* SDWebImagePrefetcher.m */ = {isa = PBXFileReference; fileEncoding = 4; lastKnownFileType = sourcecode.c.objc; path = SDWebImagePrefetcher.m; sourceTree = "<group>"; };
		04B61BBF1BDFA18B009A79E0 /* UIButton+WebCache.h */ = {isa = PBXFileReference; fileEncoding = 4; lastKnownFileType = sourcecode.c.h; path = "UIButton+WebCache.h"; sourceTree = "<group>"; };
		04B61BC01BDFA18B009A79E0 /* UIButton+WebCache.m */ = {isa = PBXFileReference; fileEncoding = 4; lastKnownFileType = sourcecode.c.objc; path = "UIButton+WebCache.m"; sourceTree = "<group>"; };
		04B61BC11BDFA18B009A79E0 /* UIImage+GIF.h */ = {isa = PBXFileReference; fileEncoding = 4; lastKnownFileType = sourcecode.c.h; path = "UIImage+GIF.h"; sourceTree = "<group>"; };
		04B61BC21BDFA18B009A79E0 /* UIImage+GIF.m */ = {isa = PBXFileReference; fileEncoding = 4; lastKnownFileType = sourcecode.c.objc; path = "UIImage+GIF.m"; sourceTree = "<group>"; };
		04B61BC31BDFA18B009A79E0 /* UIImage+MultiFormat.h */ = {isa = PBXFileReference; fileEncoding = 4; lastKnownFileType = sourcecode.c.h; path = "UIImage+MultiFormat.h"; sourceTree = "<group>"; };
		04B61BC41BDFA18B009A79E0 /* UIImage+MultiFormat.m */ = {isa = PBXFileReference; fileEncoding = 4; lastKnownFileType = sourcecode.c.objc; path = "UIImage+MultiFormat.m"; sourceTree = "<group>"; };
		04B61BC51BDFA18B009A79E0 /* UIImage+WebP.h */ = {isa = PBXFileReference; fileEncoding = 4; lastKnownFileType = sourcecode.c.h; path = "UIImage+WebP.h"; sourceTree = "<group>"; };
		04B61BC61BDFA18B009A79E0 /* UIImage+WebP.m */ = {isa = PBXFileReference; fileEncoding = 4; lastKnownFileType = sourcecode.c.objc; path = "UIImage+WebP.m"; sourceTree = "<group>"; };
		04B61BC71BDFA18B009A79E0 /* UIImageView+HighlightedWebCache.h */ = {isa = PBXFileReference; fileEncoding = 4; lastKnownFileType = sourcecode.c.h; path = "UIImageView+HighlightedWebCache.h"; sourceTree = "<group>"; };
		04B61BC81BDFA18B009A79E0 /* UIImageView+HighlightedWebCache.m */ = {isa = PBXFileReference; fileEncoding = 4; lastKnownFileType = sourcecode.c.objc; path = "UIImageView+HighlightedWebCache.m"; sourceTree = "<group>"; };
		04B61BC91BDFA18B009A79E0 /* UIImageView+WebCache.h */ = {isa = PBXFileReference; fileEncoding = 4; lastKnownFileType = sourcecode.c.h; path = "UIImageView+WebCache.h"; sourceTree = "<group>"; };
		04B61BCA1BDFA18B009A79E0 /* UIImageView+WebCache.m */ = {isa = PBXFileReference; fileEncoding = 4; lastKnownFileType = sourcecode.c.objc; path = "UIImageView+WebCache.m"; sourceTree = "<group>"; };
		04B61BCB1BDFA18B009A79E0 /* UIView+WebCacheOperation.h */ = {isa = PBXFileReference; fileEncoding = 4; lastKnownFileType = sourcecode.c.h; path = "UIView+WebCacheOperation.h"; sourceTree = "<group>"; };
		04B61BCC1BDFA18B009A79E0 /* UIView+WebCacheOperation.m */ = {isa = PBXFileReference; fileEncoding = 4; lastKnownFileType = sourcecode.c.objc; path = "UIView+WebCacheOperation.m"; sourceTree = "<group>"; };
		04B61BDD1BDFAB88009A79E0 /* ContentCell.h */ = {isa = PBXFileReference; fileEncoding = 4; lastKnownFileType = sourcecode.c.h; path = ContentCell.h; sourceTree = "<group>"; };
		04B61BDE1BDFAB88009A79E0 /* ContentCell.m */ = {isa = PBXFileReference; fileEncoding = 4; lastKnownFileType = sourcecode.c.objc; path = ContentCell.m; sourceTree = "<group>"; };
		04B61BDF1BDFAB88009A79E0 /* ContentCell.xib */ = {isa = PBXFileReference; fileEncoding = 4; lastKnownFileType = file.xib; path = ContentCell.xib; sourceTree = "<group>"; };
		04B61BE31BDFABBE009A79E0 /* RegexKitLite.h */ = {isa = PBXFileReference; fileEncoding = 4; lastKnownFileType = sourcecode.c.h; path = RegexKitLite.h; sourceTree = "<group>"; };
		04B61BE41BDFABBE009A79E0 /* RegexKitLite.m */ = {isa = PBXFileReference; fileEncoding = 4; lastKnownFileType = sourcecode.c.objc; path = RegexKitLite.m; sourceTree = "<group>"; };
		04B61BE51BDFABBE009A79E0 /* WXLabel.h */ = {isa = PBXFileReference; fileEncoding = 4; lastKnownFileType = sourcecode.c.h; path = WXLabel.h; sourceTree = "<group>"; };
		04B61BE61BDFABBE009A79E0 /* WXLabel.m */ = {isa = PBXFileReference; fileEncoding = 4; lastKnownFileType = sourcecode.c.objc; path = WXLabel.m; sourceTree = "<group>"; };
		04B61BE91BDFABD1009A79E0 /* libicucore.tbd */ = {isa = PBXFileReference; lastKnownFileType = "sourcecode.text-based-dylib-definition"; name = libicucore.tbd; path = usr/lib/libicucore.tbd; sourceTree = SDKROOT; };
		04B61BEB1BDFABE9009A79E0 /* UIViewExt.h */ = {isa = PBXFileReference; fileEncoding = 4; lastKnownFileType = sourcecode.c.h; path = UIViewExt.h; sourceTree = "<group>"; };
		04B61BEC1BDFABE9009A79E0 /* UIViewExt.m */ = {isa = PBXFileReference; fileEncoding = 4; lastKnownFileType = sourcecode.c.objc; path = UIViewExt.m; sourceTree = "<group>"; };
		04E6D7091BDF54D200F3EBD0 /* One.app */ = {isa = PBXFileReference; explicitFileType = wrapper.application; includeInIndex = 0; path = One.app; sourceTree = BUILT_PRODUCTS_DIR; };
		04E6D70D1BDF54D300F3EBD0 /* main.m */ = {isa = PBXFileReference; lastKnownFileType = sourcecode.c.objc; path = main.m; sourceTree = "<group>"; };
		04E6D70F1BDF54D300F3EBD0 /* AppDelegate.h */ = {isa = PBXFileReference; lastKnownFileType = sourcecode.c.h; path = AppDelegate.h; sourceTree = "<group>"; };
		04E6D7101BDF54D300F3EBD0 /* AppDelegate.m */ = {isa = PBXFileReference; lastKnownFileType = sourcecode.c.objc; path = AppDelegate.m; sourceTree = "<group>"; };
		04E6D7121BDF54D300F3EBD0 /* ViewController.h */ = {isa = PBXFileReference; lastKnownFileType = sourcecode.c.h; path = ViewController.h; sourceTree = "<group>"; };
		04E6D7131BDF54D300F3EBD0 /* ViewController.m */ = {isa = PBXFileReference; lastKnownFileType = sourcecode.c.objc; path = ViewController.m; sourceTree = "<group>"; };
		04E6D7161BDF54D300F3EBD0 /* Base */ = {isa = PBXFileReference; lastKnownFileType = file.storyboard; name = Base; path = Base.lproj/Main.storyboard; sourceTree = "<group>"; };
		04E6D7181BDF54D300F3EBD0 /* Assets.xcassets */ = {isa = PBXFileReference; lastKnownFileType = folder.assetcatalog; path = Assets.xcassets; sourceTree = "<group>"; };
		04E6D71B1BDF54D300F3EBD0 /* Base */ = {isa = PBXFileReference; lastKnownFileType = file.storyboard; name = Base; path = Base.lproj/LaunchScreen.storyboard; sourceTree = "<group>"; };
		04E6D71D1BDF54D300F3EBD0 /* Info.plist */ = {isa = PBXFileReference; lastKnownFileType = text.plist.xml; path = Info.plist; sourceTree = "<group>"; };
		04E6D7221BDF54D300F3EBD0 /* OneTests.xctest */ = {isa = PBXFileReference; explicitFileType = wrapper.cfbundle; includeInIndex = 0; path = OneTests.xctest; sourceTree = BUILT_PRODUCTS_DIR; };
		04E6D7261BDF54D300F3EBD0 /* OneTests.m */ = {isa = PBXFileReference; lastKnownFileType = sourcecode.c.objc; path = OneTests.m; sourceTree = "<group>"; };
		04E6D7281BDF54D300F3EBD0 /* Info.plist */ = {isa = PBXFileReference; lastKnownFileType = text.plist.xml; path = Info.plist; sourceTree = "<group>"; };
		04E6D72D1BDF54D300F3EBD0 /* OneUITests.xctest */ = {isa = PBXFileReference; explicitFileType = wrapper.cfbundle; includeInIndex = 0; path = OneUITests.xctest; sourceTree = BUILT_PRODUCTS_DIR; };
		04E6D7311BDF54D300F3EBD0 /* OneUITests.m */ = {isa = PBXFileReference; lastKnownFileType = sourcecode.c.objc; path = OneUITests.m; sourceTree = "<group>"; };
		04E6D7331BDF54D300F3EBD0 /* Info.plist */ = {isa = PBXFileReference; lastKnownFileType = text.plist.xml; path = Info.plist; sourceTree = "<group>"; };
		04E6D7511BDF57C600F3EBD0 /* MainTabController.h */ = {isa = PBXFileReference; fileEncoding = 4; lastKnownFileType = sourcecode.c.h; path = MainTabController.h; sourceTree = "<group>"; };
		04E6D7521BDF57C600F3EBD0 /* MainTabController.m */ = {isa = PBXFileReference; fileEncoding = 4; lastKnownFileType = sourcecode.c.objc; path = MainTabController.m; sourceTree = "<group>"; };
		04E6D7571BDF5B0A00F3EBD0 /* TabBarBtn.h */ = {isa = PBXFileReference; fileEncoding = 4; lastKnownFileType = sourcecode.c.h; path = TabBarBtn.h; sourceTree = "<group>"; };
		04E6D7581BDF5B0A00F3EBD0 /* TabBarBtn.m */ = {isa = PBXFileReference; fileEncoding = 4; lastKnownFileType = sourcecode.c.objc; path = TabBarBtn.m; sourceTree = "<group>"; };
		04E6D75A1BDF5B8000F3EBD0 /* Common.h */ = {isa = PBXFileReference; lastKnownFileType = sourcecode.c.h; path = Common.h; sourceTree = "<group>"; };
		04E6D75C1BDF605200F3EBD0 /* contBack@2x.png */ = {isa = PBXFileReference; lastKnownFileType = image.png; path = "contBack@2x.png"; sourceTree = "<group>"; };
		04E6D75D1BDF605200F3EBD0 /* login_logo@2x.png */ = {isa = PBXFileReference; lastKnownFileType = image.png; path = "login_logo@2x.png"; sourceTree = "<group>"; };
		04E6D75F1BDF605200F3EBD0 /* home@2x.png */ = {isa = PBXFileReference; lastKnownFileType = image.png; path = "home@2x.png"; sourceTree = "<group>"; };
		04E6D7601BDF605200F3EBD0 /* homeSelected@2x.png */ = {isa = PBXFileReference; lastKnownFileType = image.png; path = "homeSelected@2x.png"; sourceTree = "<group>"; };
		04E6D7611BDF605200F3EBD0 /* person@2x.png */ = {isa = PBXFileReference; lastKnownFileType = image.png; path = "person@2x.png"; sourceTree = "<group>"; };
		04E6D7621BDF605200F3EBD0 /* personSelected@2x.png */ = {isa = PBXFileReference; lastKnownFileType = image.png; path = "personSelected@2x.png"; sourceTree = "<group>"; };
		04E6D7631BDF605200F3EBD0 /* question@2x.png */ = {isa = PBXFileReference; lastKnownFileType = image.png; path = "question@2x.png"; sourceTree = "<group>"; };
		04E6D7641BDF605200F3EBD0 /* questionSelected@2x.png */ = {isa = PBXFileReference; lastKnownFileType = image.png; path = "questionSelected@2x.png"; sourceTree = "<group>"; };
		04E6D7651BDF605200F3EBD0 /* reading@2x.png */ = {isa = PBXFileReference; lastKnownFileType = image.png; path = "reading@2x.png"; sourceTree = "<group>"; };
		04E6D7661BDF605200F3EBD0 /* readingSelected@2x.png */ = {isa = PBXFileReference; lastKnownFileType = image.png; path = "readingSelected@2x.png"; sourceTree = "<group>"; };
		04E6D7671BDF605200F3EBD0 /* thing@2x.png */ = {isa = PBXFileReference; lastKnownFileType = image.png; path = "thing@2x.png"; sourceTree = "<group>"; };
		04E6D7681BDF605200F3EBD0 /* thingSelected@2x.png */ = {isa = PBXFileReference; lastKnownFileType = image.png; path = "thingSelected@2x.png"; sourceTree = "<group>"; };
		04E6D7751BDF618600F3EBD0 /* Article.storyboard */ = {isa = PBXFileReference; fileEncoding = 4; lastKnownFileType = file.storyboard; path = Article.storyboard; sourceTree = "<group>"; };
		04E6D7771BDF61D300F3EBD0 /* BaseViewController.h */ = {isa = PBXFileReference; fileEncoding = 4; lastKnownFileType = sourcecode.c.h; path = BaseViewController.h; sourceTree = "<group>"; };
		04E6D7781BDF61D300F3EBD0 /* BaseViewController.m */ = {isa = PBXFileReference; fileEncoding = 4; lastKnownFileType = sourcecode.c.objc; path = BaseViewController.m; sourceTree = "<group>"; };
		04E6D77A1BDF61E700F3EBD0 /* ArticleViewController.h */ = {isa = PBXFileReference; fileEncoding = 4; lastKnownFileType = sourcecode.c.h; path = ArticleViewController.h; sourceTree = "<group>"; };
		04E6D77B1BDF61E700F3EBD0 /* ArticleViewController.m */ = {isa = PBXFileReference; fileEncoding = 4; lastKnownFileType = sourcecode.c.objc; path = ArticleViewController.m; sourceTree = "<group>"; };
		04E6D77D1BDF624200F3EBD0 /* BaseNaviController.h */ = {isa = PBXFileReference; fileEncoding = 4; lastKnownFileType = sourcecode.c.h; path = BaseNaviController.h; sourceTree = "<group>"; };
		04E6D77E1BDF624200F3EBD0 /* BaseNaviController.m */ = {isa = PBXFileReference; fileEncoding = 4; lastKnownFileType = sourcecode.c.objc; path = BaseNaviController.m; sourceTree = "<group>"; };
		04E6D7801BDF625500F3EBD0 /* Home.storyboard */ = {isa = PBXFileReference; fileEncoding = 4; lastKnownFileType = file.storyboard; path = Home.storyboard; sourceTree = "<group>"; };
		04E6D78D1BDF630200F3EBD0 /* Question.storyboard */ = {isa = PBXFileReference; fileEncoding = 4; lastKnownFileType = file.storyboard; path = Question.storyboard; sourceTree = "<group>"; };
		04E6D78F1BDF630F00F3EBD0 /* QuestionViewController.h */ = {isa = PBXFileReference; fileEncoding = 4; lastKnownFileType = sourcecode.c.h; path = QuestionViewController.h; sourceTree = "<group>"; };
		04E6D7901BDF630F00F3EBD0 /* QuestionViewController.m */ = {isa = PBXFileReference; fileEncoding = 4; lastKnownFileType = sourcecode.c.objc; path = QuestionViewController.m; sourceTree = "<group>"; };
		04E6D7921BDF6AD000F3EBD0 /* home_like_hl@2x.png */ = {isa = PBXFileReference; lastKnownFileType = image.png; path = "home_like_hl@2x.png"; sourceTree = "<group>"; };
		04E6D7931BDF6AD000F3EBD0 /* home_like@2x.png */ = {isa = PBXFileReference; lastKnownFileType = image.png; path = "home_like@2x.png"; sourceTree = "<group>"; };
		04E6D7941BDF6AD000F3EBD0 /* home_likeBg@2x.png */ = {isa = PBXFileReference; lastKnownFileType = image.png; path = "home_likeBg@2x.png"; sourceTree = "<group>"; };
		04E6D7981BDF6AF600F3EBD0 /* navLogo@2x.png */ = {isa = PBXFileReference; lastKnownFileType = image.png; path = "navLogo@2x.png"; sourceTree = "<group>"; };
		04E6D79A1BDF6BAF00F3EBD0 /* shareBtn@2x.png */ = {isa = PBXFileReference; lastKnownFileType = image.png; path = "shareBtn@2x.png"; sourceTree = "<group>"; };
		04E6D79C1BDF6FD000F3EBD0 /* HomeTableView.h */ = {isa = PBXFileReference; fileEncoding = 4; lastKnownFileType = sourcecode.c.h; path = HomeTableView.h; sourceTree = "<group>"; };
		04E6D79D1BDF6FD000F3EBD0 /* HomeTableView.m */ = {isa = PBXFileReference; fileEncoding = 4; lastKnownFileType = sourcecode.c.objc; path = HomeTableView.m; sourceTree = "<group>"; };
		04F223DF1BE0A9B8001A51CB /* RightViewController.h */ = {isa = PBXFileReference; fileEncoding = 4; lastKnownFileType = sourcecode.c.h; path = RightViewController.h; sourceTree = "<group>"; };
		04F223E01BE0A9B8001A51CB /* RightViewController.m */ = {isa = PBXFileReference; fileEncoding = 4; lastKnownFileType = sourcecode.c.objc; path = RightViewController.m; sourceTree = "<group>"; };
		04F223E31BE0A9EE001A51CB /* MMDrawerBarButtonItem.h */ = {isa = PBXFileReference; fileEncoding = 4; lastKnownFileType = sourcecode.c.h; path = MMDrawerBarButtonItem.h; sourceTree = "<group>"; };
		04F223E41BE0A9EE001A51CB /* MMDrawerBarButtonItem.m */ = {isa = PBXFileReference; fileEncoding = 4; lastKnownFileType = sourcecode.c.objc; path = MMDrawerBarButtonItem.m; sourceTree = "<group>"; };
		04F223E51BE0A9EE001A51CB /* MMDrawerController.h */ = {isa = PBXFileReference; fileEncoding = 4; lastKnownFileType = sourcecode.c.h; path = MMDrawerController.h; sourceTree = "<group>"; };
		04F223E61BE0A9EE001A51CB /* MMDrawerController.m */ = {isa = PBXFileReference; fileEncoding = 4; lastKnownFileType = sourcecode.c.objc; path = MMDrawerController.m; sourceTree = "<group>"; };
		04F223E71BE0A9EE001A51CB /* MMDrawerVisualState.h */ = {isa = PBXFileReference; fileEncoding = 4; lastKnownFileType = sourcecode.c.h; path = MMDrawerVisualState.h; sourceTree = "<group>"; };
		04F223E81BE0A9EE001A51CB /* MMDrawerVisualState.m */ = {isa = PBXFileReference; fileEncoding = 4; lastKnownFileType = sourcecode.c.objc; path = MMDrawerVisualState.m; sourceTree = "<group>"; };
		04F223E91BE0A9EE001A51CB /* MMExampleDrawerVisualStateManager.h */ = {isa = PBXFileReference; fileEncoding = 4; lastKnownFileType = sourcecode.c.h; path = MMExampleDrawerVisualStateManager.h; sourceTree = "<group>"; };
		04F223EA1BE0A9EE001A51CB /* MMExampleDrawerVisualStateManager.m */ = {isa = PBXFileReference; fileEncoding = 4; lastKnownFileType = sourcecode.c.objc; path = MMExampleDrawerVisualStateManager.m; sourceTree = "<group>"; };
		04F223EB1BE0A9EE001A51CB /* UIViewController+MMDrawerController.h */ = {isa = PBXFileReference; fileEncoding = 4; lastKnownFileType = sourcecode.c.h; path = "UIViewController+MMDrawerController.h"; sourceTree = "<group>"; };
		04F223EC1BE0A9EE001A51CB /* UIViewController+MMDrawerController.m */ = {isa = PBXFileReference; fileEncoding = 4; lastKnownFileType = sourcecode.c.objc; path = "UIViewController+MMDrawerController.m"; sourceTree = "<group>"; };
		04F223F21BE0AAB2001A51CB /* goButton@2x.png */ = {isa = PBXFileReference; lastKnownFileType = image.png; path = "goButton@2x.png"; sourceTree = "<group>"; };
		04F223F31BE0AAB2001A51CB /* share_sina@2x.png */ = {isa = PBXFileReference; lastKnownFileType = image.png; path = "share_sina@2x.png"; sourceTree = "<group>"; };
		04F223F41BE0AAB2001A51CB /* share_sinaH@2x.png */ = {isa = PBXFileReference; lastKnownFileType = image.png; path = "share_sinaH@2x.png"; sourceTree = "<group>"; };
/* End PBXFileReference section */

/* Begin PBXFrameworksBuildPhase section */
		04E6D7061BDF54D200F3EBD0 /* Frameworks */ = {
			isa = PBXFrameworksBuildPhase;
			buildActionMask = 2147483647;
			files = (
				04B61BEA1BDFABD1009A79E0 /* libicucore.tbd in Frameworks */,
				0441E3531BE2183F003EC220 /* Reveal.framework in Frameworks */,
			);
			runOnlyForDeploymentPostprocessing = 0;
		};
		04E6D71F1BDF54D300F3EBD0 /* Frameworks */ = {
			isa = PBXFrameworksBuildPhase;
			buildActionMask = 2147483647;
			files = (
			);
			runOnlyForDeploymentPostprocessing = 0;
		};
		04E6D72A1BDF54D300F3EBD0 /* Frameworks */ = {
			isa = PBXFrameworksBuildPhase;
			buildActionMask = 2147483647;
			files = (
			);
			runOnlyForDeploymentPostprocessing = 0;
		};
/* End PBXFrameworksBuildPhase section */

/* Begin PBXGroup section */
		04B61BAB1BDFA18B009A79E0 /* SDWebImage */ = {
			isa = PBXGroup;
			children = (
				04B61BAC1BDFA18B009A79E0 /* MKAnnotationView+WebCache.h */,
				04B61BAD1BDFA18B009A79E0 /* MKAnnotationView+WebCache.m */,
				04B61BAE1BDFA18B009A79E0 /* NSData+ImageContentType.h */,
				04B61BAF1BDFA18B009A79E0 /* NSData+ImageContentType.m */,
				04B61BB01BDFA18B009A79E0 /* SDImageCache.h */,
				04B61BB11BDFA18B009A79E0 /* SDImageCache.m */,
				04B61BB21BDFA18B009A79E0 /* SDWebImageCompat.h */,
				04B61BB31BDFA18B009A79E0 /* SDWebImageCompat.m */,
				04B61BB41BDFA18B009A79E0 /* SDWebImageDecoder.h */,
				04B61BB51BDFA18B009A79E0 /* SDWebImageDecoder.m */,
				04B61BB61BDFA18B009A79E0 /* SDWebImageDownloader.h */,
				04B61BB71BDFA18B009A79E0 /* SDWebImageDownloader.m */,
				04B61BB81BDFA18B009A79E0 /* SDWebImageDownloaderOperation.h */,
				04B61BB91BDFA18B009A79E0 /* SDWebImageDownloaderOperation.m */,
				04B61BBA1BDFA18B009A79E0 /* SDWebImageManager.h */,
				04B61BBB1BDFA18B009A79E0 /* SDWebImageManager.m */,
				04B61BBC1BDFA18B009A79E0 /* SDWebImageOperation.h */,
				04B61BBD1BDFA18B009A79E0 /* SDWebImagePrefetcher.h */,
				04B61BBE1BDFA18B009A79E0 /* SDWebImagePrefetcher.m */,
				04B61BBF1BDFA18B009A79E0 /* UIButton+WebCache.h */,
				04B61BC01BDFA18B009A79E0 /* UIButton+WebCache.m */,
				04B61BC11BDFA18B009A79E0 /* UIImage+GIF.h */,
				04B61BC21BDFA18B009A79E0 /* UIImage+GIF.m */,
				04B61BC31BDFA18B009A79E0 /* UIImage+MultiFormat.h */,
				04B61BC41BDFA18B009A79E0 /* UIImage+MultiFormat.m */,
				04B61BC51BDFA18B009A79E0 /* UIImage+WebP.h */,
				04B61BC61BDFA18B009A79E0 /* UIImage+WebP.m */,
				04B61BC71BDFA18B009A79E0 /* UIImageView+HighlightedWebCache.h */,
				04B61BC81BDFA18B009A79E0 /* UIImageView+HighlightedWebCache.m */,
				04B61BC91BDFA18B009A79E0 /* UIImageView+WebCache.h */,
				04B61BCA1BDFA18B009A79E0 /* UIImageView+WebCache.m */,
				04B61BCB1BDFA18B009A79E0 /* UIView+WebCacheOperation.h */,
				04B61BCC1BDFA18B009A79E0 /* UIView+WebCacheOperation.m */,
			);
			path = SDWebImage;
			sourceTree = "<group>";
		};
		04B61BE21BDFABBE009A79E0 /* WXLabel */ = {
			isa = PBXGroup;
			children = (
				04B61BE31BDFABBE009A79E0 /* RegexKitLite.h */,
				04B61BE41BDFABBE009A79E0 /* RegexKitLite.m */,
				04B61BE51BDFABBE009A79E0 /* WXLabel.h */,
				04B61BE61BDFABBE009A79E0 /* WXLabel.m */,
			);
			path = WXLabel;
			sourceTree = "<group>";
		};
		04E6D7001BDF54D200F3EBD0 = {
			isa = PBXGroup;
			children = (
				04B61BE91BDFABD1009A79E0 /* libicucore.tbd */,
				0441E3521BE2183F003EC220 /* Reveal.framework */,
				04E6D70B1BDF54D300F3EBD0 /* One */,
				04E6D7251BDF54D300F3EBD0 /* OneTests */,
				04E6D7301BDF54D300F3EBD0 /* OneUITests */,
				04E6D70A1BDF54D200F3EBD0 /* Products */,
			);
			sourceTree = "<group>";
		};
		04E6D70A1BDF54D200F3EBD0 /* Products */ = {
			isa = PBXGroup;
			children = (
				04E6D7091BDF54D200F3EBD0 /* One.app */,
				04E6D7221BDF54D300F3EBD0 /* OneTests.xctest */,
				04E6D72D1BDF54D300F3EBD0 /* OneUITests.xctest */,
			);
			name = Products;
			sourceTree = "<group>";
		};
		04E6D70B1BDF54D300F3EBD0 /* One */ = {
			isa = PBXGroup;
			children = (
				04E6D73F1BDF558D00F3EBD0 /* Common */,
				04E6D7401BDF558D00F3EBD0 /* Main */,
				04E6D70F1BDF54D300F3EBD0 /* AppDelegate.h */,
				04E6D7101BDF54D300F3EBD0 /* AppDelegate.m */,
				04E6D7121BDF54D300F3EBD0 /* ViewController.h */,
				04E6D7131BDF54D300F3EBD0 /* ViewController.m */,
				04E6D7151BDF54D300F3EBD0 /* Main.storyboard */,
				04E6D7181BDF54D300F3EBD0 /* Assets.xcassets */,
				04E6D71A1BDF54D300F3EBD0 /* LaunchScreen.storyboard */,
				04E6D71D1BDF54D300F3EBD0 /* Info.plist */,
				04E6D70C1BDF54D300F3EBD0 /* Supporting Files */,
			);
			path = One;
			sourceTree = "<group>";
		};
		04E6D70C1BDF54D300F3EBD0 /* Supporting Files */ = {
			isa = PBXGroup;
			children = (
				04E6D75B1BDF605200F3EBD0 /* image */,
				04E6D70D1BDF54D300F3EBD0 /* main.m */,
			);
			name = "Supporting Files";
			sourceTree = "<group>";
		};
		04E6D7251BDF54D300F3EBD0 /* OneTests */ = {
			isa = PBXGroup;
			children = (
				04E6D7261BDF54D300F3EBD0 /* OneTests.m */,
				04E6D7281BDF54D300F3EBD0 /* Info.plist */,
			);
			path = OneTests;
			sourceTree = "<group>";
		};
		04E6D7301BDF54D300F3EBD0 /* OneUITests */ = {
			isa = PBXGroup;
			children = (
				04E6D7311BDF54D300F3EBD0 /* OneUITests.m */,
				04E6D7331BDF54D300F3EBD0 /* Info.plist */,
			);
			path = OneUITests;
			sourceTree = "<group>";
		};
		04E6D73F1BDF558D00F3EBD0 /* Common */ = {
			isa = PBXGroup;
			children = (
				04F223E21BE0A9EE001A51CB /* MMDrawerController */,
				04B61BE21BDFABBE009A79E0 /* WXLabel */,
				04B61BAB1BDFA18B009A79E0 /* SDWebImage */,
				04E6D75A1BDF5B8000F3EBD0 /* Common.h */,
				04B61BEB1BDFABE9009A79E0 /* UIViewExt.h */,
				04B61BEC1BDFABE9009A79E0 /* UIViewExt.m */,
				0414337B1BE100D6006E826A /* UIView+viewController.h */,
				0414337C1BE100D6006E826A /* UIView+viewController.m */,
			);
			path = Common;
			sourceTree = "<group>";
		};
		04E6D7401BDF558D00F3EBD0 /* Main */ = {
			isa = PBXGroup;
			children = (
				04E6D7451BDF558D00F3EBD0 /* Base */,
				04E6D7411BDF558D00F3EBD0 /* Article */,
				04E6D7491BDF558D00F3EBD0 /* Home */,
				04E6D7891BDF62E700F3EBD0 /* Question */,
			);
			path = Main;
			sourceTree = "<group>";
		};
		04E6D7411BDF558D00F3EBD0 /* Article */ = {
			isa = PBXGroup;
			children = (
				04E6D7421BDF558D00F3EBD0 /* Controller */,
				04E6D7431BDF558D00F3EBD0 /* Model */,
				04E6D7441BDF558D00F3EBD0 /* View */,
			);
			path = Article;
			sourceTree = "<group>";
		};
		04E6D7421BDF558D00F3EBD0 /* Controller */ = {
			isa = PBXGroup;
			children = (
				04E6D77A1BDF61E700F3EBD0 /* ArticleViewController.h */,
				04E6D77B1BDF61E700F3EBD0 /* ArticleViewController.m */,
				04714C021BE1C2660099739E /* SeekArticleViewController.h */,
				04714C031BE1C2660099739E /* SeekArticleViewController.m */,
			);
			path = Controller;
			sourceTree = "<group>";
		};
		04E6D7431BDF558D00F3EBD0 /* Model */ = {
			isa = PBXGroup;
			children = (
			);
			path = Model;
			sourceTree = "<group>";
		};
		04E6D7441BDF558D00F3EBD0 /* View */ = {
			isa = PBXGroup;
			children = (
				04E6D7751BDF618600F3EBD0 /* Article.storyboard */,
			);
			path = View;
			sourceTree = "<group>";
		};
		04E6D7451BDF558D00F3EBD0 /* Base */ = {
			isa = PBXGroup;
			children = (
				04E6D7461BDF558D00F3EBD0 /* Controller */,
				04E6D7471BDF558D00F3EBD0 /* Model */,
				04E6D7481BDF558D00F3EBD0 /* View */,
			);
			path = Base;
			sourceTree = "<group>";
		};
		04E6D7461BDF558D00F3EBD0 /* Controller */ = {
			isa = PBXGroup;
			children = (
				04E6D7511BDF57C600F3EBD0 /* MainTabController.h */,
				04E6D7521BDF57C600F3EBD0 /* MainTabController.m */,
				04E6D7771BDF61D300F3EBD0 /* BaseViewController.h */,
				04E6D7781BDF61D300F3EBD0 /* BaseViewController.m */,
				04E6D77D1BDF624200F3EBD0 /* BaseNaviController.h */,
				04E6D77E1BDF624200F3EBD0 /* BaseNaviController.m */,
			);
			path = Controller;
			sourceTree = "<group>";
		};
		04E6D7471BDF558D00F3EBD0 /* Model */ = {
			isa = PBXGroup;
			children = (
				04B61BA51BDF9326009A79E0 /* BaseModel.h */,
				04B61BA61BDF9326009A79E0 /* BaseModel.m */,
			);
			path = Model;
			sourceTree = "<group>";
		};
		04E6D7481BDF558D00F3EBD0 /* View */ = {
			isa = PBXGroup;
			children = (
				04E6D7571BDF5B0A00F3EBD0 /* TabBarBtn.h */,
				04E6D7581BDF5B0A00F3EBD0 /* TabBarBtn.m */,
			);
			path = View;
			sourceTree = "<group>";
		};
		04E6D7491BDF558D00F3EBD0 /* Home */ = {
			isa = PBXGroup;
			children = (
				04E6D74A1BDF558D00F3EBD0 /* Controller */,
				04E6D74B1BDF558D00F3EBD0 /* Model */,
				04E6D74C1BDF558D00F3EBD0 /* View */,
			);
			path = Home;
			sourceTree = "<group>";
		};
		04E6D74A1BDF558D00F3EBD0 /* Controller */ = {
			isa = PBXGroup;
			children = (
				04F223DF1BE0A9B8001A51CB /* RightViewController.h */,
				04F223E01BE0A9B8001A51CB /* RightViewController.m */,
				041433781BE0F167006E826A /* SeekViewController.h */,
				041433791BE0F167006E826A /* SeekViewController.m */,
				0441E3471BE1EE5E003EC220 /* HomesViewController.h */,
				0441E3481BE1EE5E003EC220 /* HomesViewController.m */,
			);
			path = Controller;
			sourceTree = "<group>";
		};
		04E6D74B1BDF558D00F3EBD0 /* Model */ = {
			isa = PBXGroup;
			children = (
				0441E34A1BE1F08F003EC220 /* HomeModel.h */,
				0441E34B1BE1F08F003EC220 /* HomeModel.m */,
			);
			path = Model;
			sourceTree = "<group>";
		};
		04E6D74C1BDF558D00F3EBD0 /* View */ = {
			isa = PBXGroup;
			children = (
				04E6D7801BDF625500F3EBD0 /* Home.storyboard */,
				04E6D79C1BDF6FD000F3EBD0 /* HomeTableView.h */,
				04E6D79D1BDF6FD000F3EBD0 /* HomeTableView.m */,
				04B61BDD1BDFAB88009A79E0 /* ContentCell.h */,
				04B61BDE1BDFAB88009A79E0 /* ContentCell.m */,
				04B61BDF1BDFAB88009A79E0 /* ContentCell.xib */,
				0441E34D1BE1F3C7003EC220 /* ContentView.h */,
				0441E34E1BE1F3C7003EC220 /* ContentView.m */,
				0441E3541BE21B9F003EC220 /* ContentView.xib */,
			);
			path = View;
			sourceTree = "<group>";
		};
		04E6D75B1BDF605200F3EBD0 /* image */ = {
			isa = PBXGroup;
			children = (
				04F223F21BE0AAB2001A51CB /* goButton@2x.png */,
				04F223F31BE0AAB2001A51CB /* share_sina@2x.png */,
				04F223F41BE0AAB2001A51CB /* share_sinaH@2x.png */,
				04E6D79A1BDF6BAF00F3EBD0 /* shareBtn@2x.png */,
				04E6D7981BDF6AF600F3EBD0 /* navLogo@2x.png */,
				04E6D7921BDF6AD000F3EBD0 /* home_like_hl@2x.png */,
				04E6D7931BDF6AD000F3EBD0 /* home_like@2x.png */,
				04E6D7941BDF6AD000F3EBD0 /* home_likeBg@2x.png */,
				04E6D75C1BDF605200F3EBD0 /* contBack@2x.png */,
				04E6D75D1BDF605200F3EBD0 /* login_logo@2x.png */,
				04E6D75E1BDF605200F3EBD0 /* tabbar */,
			);
			path = image;
			sourceTree = "<group>";
		};
		04E6D75E1BDF605200F3EBD0 /* tabbar */ = {
			isa = PBXGroup;
			children = (
				04E6D75F1BDF605200F3EBD0 /* home@2x.png */,
				04E6D7601BDF605200F3EBD0 /* homeSelected@2x.png */,
				04E6D7611BDF605200F3EBD0 /* person@2x.png */,
				04E6D7621BDF605200F3EBD0 /* personSelected@2x.png */,
				04E6D7631BDF605200F3EBD0 /* question@2x.png */,
				04E6D7641BDF605200F3EBD0 /* questionSelected@2x.png */,
				04E6D7651BDF605200F3EBD0 /* reading@2x.png */,
				04E6D7661BDF605200F3EBD0 /* readingSelected@2x.png */,
				04E6D7671BDF605200F3EBD0 /* thing@2x.png */,
				04E6D7681BDF605200F3EBD0 /* thingSelected@2x.png */,
			);
			path = tabbar;
			sourceTree = "<group>";
		};
		04E6D7891BDF62E700F3EBD0 /* Question */ = {
			isa = PBXGroup;
			children = (
				04E6D78A1BDF62E700F3EBD0 /* Controller */,
				04E6D78B1BDF62E700F3EBD0 /* Model */,
				04E6D78C1BDF62E700F3EBD0 /* View */,
			);
			path = Question;
			sourceTree = "<group>";
		};
		04E6D78A1BDF62E700F3EBD0 /* Controller */ = {
			isa = PBXGroup;
			children = (
				04E6D78F1BDF630F00F3EBD0 /* QuestionViewController.h */,
				04E6D7901BDF630F00F3EBD0 /* QuestionViewController.m */,
			);
			path = Controller;
			sourceTree = "<group>";
		};
		04E6D78B1BDF62E700F3EBD0 /* Model */ = {
			isa = PBXGroup;
			children = (
			);
			path = Model;
			sourceTree = "<group>";
		};
		04E6D78C1BDF62E700F3EBD0 /* View */ = {
			isa = PBXGroup;
			children = (
				04E6D78D1BDF630200F3EBD0 /* Question.storyboard */,
			);
			path = View;
			sourceTree = "<group>";
		};
		04F223E21BE0A9EE001A51CB /* MMDrawerController */ = {
			isa = PBXGroup;
			children = (
				04F223E31BE0A9EE001A51CB /* MMDrawerBarButtonItem.h */,
				04F223E41BE0A9EE001A51CB /* MMDrawerBarButtonItem.m */,
				04F223E51BE0A9EE001A51CB /* MMDrawerController.h */,
				04F223E61BE0A9EE001A51CB /* MMDrawerController.m */,
				04F223E71BE0A9EE001A51CB /* MMDrawerVisualState.h */,
				04F223E81BE0A9EE001A51CB /* MMDrawerVisualState.m */,
				04F223E91BE0A9EE001A51CB /* MMExampleDrawerVisualStateManager.h */,
				04F223EA1BE0A9EE001A51CB /* MMExampleDrawerVisualStateManager.m */,
				04F223EB1BE0A9EE001A51CB /* UIViewController+MMDrawerController.h */,
				04F223EC1BE0A9EE001A51CB /* UIViewController+MMDrawerController.m */,
			);
			path = MMDrawerController;
			sourceTree = "<group>";
		};
/* End PBXGroup section */

/* Begin PBXNativeTarget section */
		04E6D7081BDF54D200F3EBD0 /* One */ = {
			isa = PBXNativeTarget;
			buildConfigurationList = 04E6D7361BDF54D300F3EBD0 /* Build configuration list for PBXNativeTarget "One" */;
			buildPhases = (
				04E6D7051BDF54D200F3EBD0 /* Sources */,
				04E6D7061BDF54D200F3EBD0 /* Frameworks */,
				04E6D7071BDF54D200F3EBD0 /* Resources */,
			);
			buildRules = (
			);
			dependencies = (
			);
			name = One;
			productName = One;
			productReference = 04E6D7091BDF54D200F3EBD0 /* One.app */;
			productType = "com.apple.product-type.application";
		};
		04E6D7211BDF54D300F3EBD0 /* OneTests */ = {
			isa = PBXNativeTarget;
			buildConfigurationList = 04E6D7391BDF54D300F3EBD0 /* Build configuration list for PBXNativeTarget "OneTests" */;
			buildPhases = (
				04E6D71E1BDF54D300F3EBD0 /* Sources */,
				04E6D71F1BDF54D300F3EBD0 /* Frameworks */,
				04E6D7201BDF54D300F3EBD0 /* Resources */,
			);
			buildRules = (
			);
			dependencies = (
				04E6D7241BDF54D300F3EBD0 /* PBXTargetDependency */,
			);
			name = OneTests;
			productName = OneTests;
			productReference = 04E6D7221BDF54D300F3EBD0 /* OneTests.xctest */;
			productType = "com.apple.product-type.bundle.unit-test";
		};
		04E6D72C1BDF54D300F3EBD0 /* OneUITests */ = {
			isa = PBXNativeTarget;
			buildConfigurationList = 04E6D73C1BDF54D300F3EBD0 /* Build configuration list for PBXNativeTarget "OneUITests" */;
			buildPhases = (
				04E6D7291BDF54D300F3EBD0 /* Sources */,
				04E6D72A1BDF54D300F3EBD0 /* Frameworks */,
				04E6D72B1BDF54D300F3EBD0 /* Resources */,
			);
			buildRules = (
			);
			dependencies = (
				04E6D72F1BDF54D300F3EBD0 /* PBXTargetDependency */,
			);
			name = OneUITests;
			productName = OneUITests;
			productReference = 04E6D72D1BDF54D300F3EBD0 /* OneUITests.xctest */;
			productType = "com.apple.product-type.bundle.ui-testing";
		};
/* End PBXNativeTarget section */

/* Begin PBXProject section */
		04E6D7011BDF54D200F3EBD0 /* Project object */ = {
			isa = PBXProject;
			attributes = {
				LastUpgradeCheck = 0700;
				ORGANIZATIONNAME = mac;
				TargetAttributes = {
					04E6D7081BDF54D200F3EBD0 = {
						CreatedOnToolsVersion = 7.0.1;
						DevelopmentTeam = 78VEDWN25H;
					};
					04E6D7211BDF54D300F3EBD0 = {
						CreatedOnToolsVersion = 7.0.1;
						DevelopmentTeam = 78VEDWN25H;
						TestTargetID = 04E6D7081BDF54D200F3EBD0;
					};
					04E6D72C1BDF54D300F3EBD0 = {
						CreatedOnToolsVersion = 7.0.1;
						DevelopmentTeam = 78VEDWN25H;
						TestTargetID = 04E6D7081BDF54D200F3EBD0;
					};
				};
			};
			buildConfigurationList = 04E6D7041BDF54D200F3EBD0 /* Build configuration list for PBXProject "One" */;
			compatibilityVersion = "Xcode 3.2";
			developmentRegion = English;
			hasScannedForEncodings = 0;
			knownRegions = (
				en,
				Base,
			);
			mainGroup = 04E6D7001BDF54D200F3EBD0;
			productRefGroup = 04E6D70A1BDF54D200F3EBD0 /* Products */;
			projectDirPath = "";
			projectRoot = "";
			targets = (
				04E6D7081BDF54D200F3EBD0 /* One */,
				04E6D7211BDF54D300F3EBD0 /* OneTests */,
				04E6D72C1BDF54D300F3EBD0 /* OneUITests */,
			);
		};
/* End PBXProject section */

/* Begin PBXResourcesBuildPhase section */
		04E6D7071BDF54D200F3EBD0 /* Resources */ = {
			isa = PBXResourcesBuildPhase;
			buildActionMask = 2147483647;
			files = (
				04E6D76A1BDF605200F3EBD0 /* login_logo@2x.png in Resources */,
				04E6D7701BDF605200F3EBD0 /* questionSelected@2x.png in Resources */,
				04E6D76D1BDF605200F3EBD0 /* person@2x.png in Resources */,
				04E6D7731BDF605200F3EBD0 /* thing@2x.png in Resources */,
				04E6D7811BDF625500F3EBD0 /* Home.storyboard in Resources */,
				04E6D7741BDF605200F3EBD0 /* thingSelected@2x.png in Resources */,
				04E6D7951BDF6AD000F3EBD0 /* home_like_hl@2x.png in Resources */,
				04E6D76F1BDF605200F3EBD0 /* question@2x.png in Resources */,
				04E6D71C1BDF54D300F3EBD0 /* LaunchScreen.storyboard in Resources */,
				04E6D7711BDF605200F3EBD0 /* reading@2x.png in Resources */,
				04E6D76E1BDF605200F3EBD0 /* personSelected@2x.png in Resources */,
				04B61BE11BDFAB88009A79E0 /* ContentCell.xib in Resources */,
				04E6D7991BDF6AF600F3EBD0 /* navLogo@2x.png in Resources */,
				04E6D76C1BDF605200F3EBD0 /* homeSelected@2x.png in Resources */,
				04E6D7721BDF605200F3EBD0 /* readingSelected@2x.png in Resources */,
				04E6D7691BDF605200F3EBD0 /* contBack@2x.png in Resources */,
				04E6D7971BDF6AD000F3EBD0 /* home_likeBg@2x.png in Resources */,
				04F223F71BE0AAB2001A51CB /* share_sinaH@2x.png in Resources */,
				0441E3551BE21B9F003EC220 /* ContentView.xib in Resources */,
				04F223F61BE0AAB2001A51CB /* share_sina@2x.png in Resources */,
				04F223F51BE0AAB2001A51CB /* goButton@2x.png in Resources */,
				04E6D7191BDF54D300F3EBD0 /* Assets.xcassets in Resources */,
				04E6D78E1BDF630200F3EBD0 /* Question.storyboard in Resources */,
				04E6D7761BDF618600F3EBD0 /* Article.storyboard in Resources */,
				04E6D7171BDF54D300F3EBD0 /* Main.storyboard in Resources */,
				04E6D7961BDF6AD000F3EBD0 /* home_like@2x.png in Resources */,
				04E6D76B1BDF605200F3EBD0 /* home@2x.png in Resources */,
				04E6D79B1BDF6BAF00F3EBD0 /* shareBtn@2x.png in Resources */,
			);
			runOnlyForDeploymentPostprocessing = 0;
		};
		04E6D7201BDF54D300F3EBD0 /* Resources */ = {
			isa = PBXResourcesBuildPhase;
			buildActionMask = 2147483647;
			files = (
			);
			runOnlyForDeploymentPostprocessing = 0;
		};
		04E6D72B1BDF54D300F3EBD0 /* Resources */ = {
			isa = PBXResourcesBuildPhase;
			buildActionMask = 2147483647;
			files = (
			);
			runOnlyForDeploymentPostprocessing = 0;
		};
/* End PBXResourcesBuildPhase section */

/* Begin PBXSourcesBuildPhase section */
		04E6D7051BDF54D200F3EBD0 /* Sources */ = {
			isa = PBXSourcesBuildPhase;
			buildActionMask = 2147483647;
			files = (
				04B61BEE1BDFABF0009A79E0 /* RegexKitLite.h in Sources */,
				04E6D7141BDF54D300F3EBD0 /* ViewController.m in Sources */,
				0441E34F1BE1F3C7003EC220 /* ContentView.m in Sources */,
				04B61BE71BDFABBE009A79E0 /* RegexKitLite.m in Sources */,
				04B61BD91BDFA18B009A79E0 /* UIImage+WebP.m in Sources */,
				04E6D7791BDF61D300F3EBD0 /* BaseViewController.m in Sources */,
				04E6D7111BDF54D300F3EBD0 /* AppDelegate.m in Sources */,
				04E6D77C1BDF61E700F3EBD0 /* ArticleViewController.m in Sources */,
				04E6D77F1BDF624200F3EBD0 /* BaseNaviController.m in Sources */,
				0441E34C1BE1F08F003EC220 /* HomeModel.m in Sources */,
				04714C041BE1C2660099739E /* SeekArticleViewController.m in Sources */,
				04F223F11BE0A9EE001A51CB /* UIViewController+MMDrawerController.m in Sources */,
				04F223E11BE0A9B8001A51CB /* RightViewController.m in Sources */,
				04B61BD31BDFA18B009A79E0 /* SDWebImageDownloaderOperation.m in Sources */,
				04B61BA71BDF9326009A79E0 /* BaseModel.m in Sources */,
				04B61BCF1BDFA18B009A79E0 /* SDImageCache.m in Sources */,
				04F223EF1BE0A9EE001A51CB /* MMDrawerVisualState.m in Sources */,
				04B61BE01BDFAB88009A79E0 /* ContentCell.m in Sources */,
				04B61BED1BDFABE9009A79E0 /* UIViewExt.m in Sources */,
				04E6D79E1BDF6FD000F3EBD0 /* HomeTableView.m in Sources */,
				04E6D7911BDF630F00F3EBD0 /* QuestionViewController.m in Sources */,
				04B61BD01BDFA18B009A79E0 /* SDWebImageCompat.m in Sources */,
				04B61BCE1BDFA18B009A79E0 /* NSData+ImageContentType.m in Sources */,
				04E6D7531BDF57C600F3EBD0 /* MainTabController.m in Sources */,
				04B61BD41BDFA18B009A79E0 /* SDWebImageManager.m in Sources */,
				0441E3491BE1EE5E003EC220 /* HomesViewController.m in Sources */,
				04B61BE81BDFABBE009A79E0 /* WXLabel.m in Sources */,
				04B61BD21BDFA18B009A79E0 /* SDWebImageDownloader.m in Sources */,
				04B61BDB1BDFA18B009A79E0 /* UIImageView+WebCache.m in Sources */,
				04B61BDA1BDFA18B009A79E0 /* UIImageView+HighlightedWebCache.m in Sources */,
				04B61BCD1BDFA18B009A79E0 /* MKAnnotationView+WebCache.m in Sources */,
				04B61BD71BDFA18B009A79E0 /* UIImage+GIF.m in Sources */,
				04F223ED1BE0A9EE001A51CB /* MMDrawerBarButtonItem.m in Sources */,
				0414337A1BE0F167006E826A /* SeekViewController.m in Sources */,
				04E6D7591BDF5B0A00F3EBD0 /* TabBarBtn.m in Sources */,
				04B61BD51BDFA18B009A79E0 /* SDWebImagePrefetcher.m in Sources */,
				04F223F01BE0A9EE001A51CB /* MMExampleDrawerVisualStateManager.m in Sources */,
				0414337D1BE100D6006E826A /* UIView+viewController.m in Sources */,
				04B61BD61BDFA18B009A79E0 /* UIButton+WebCache.m in Sources */,
				04B61BD81BDFA18B009A79E0 /* UIImage+MultiFormat.m in Sources */,
				04B61BD11BDFA18B009A79E0 /* SDWebImageDecoder.m in Sources */,
				04B61BDC1BDFA18B009A79E0 /* UIView+WebCacheOperation.m in Sources */,
				04F223EE1BE0A9EE001A51CB /* MMDrawerController.m in Sources */,
				04E6D70E1BDF54D300F3EBD0 /* main.m in Sources */,
			);
			runOnlyForDeploymentPostprocessing = 0;
		};
		04E6D71E1BDF54D300F3EBD0 /* Sources */ = {
			isa = PBXSourcesBuildPhase;
			buildActionMask = 2147483647;
			files = (
				04E6D7271BDF54D300F3EBD0 /* OneTests.m in Sources */,
			);
			runOnlyForDeploymentPostprocessing = 0;
		};
		04E6D7291BDF54D300F3EBD0 /* Sources */ = {
			isa = PBXSourcesBuildPhase;
			buildActionMask = 2147483647;
			files = (
				04E6D7321BDF54D300F3EBD0 /* OneUITests.m in Sources */,
			);
			runOnlyForDeploymentPostprocessing = 0;
		};
/* End PBXSourcesBuildPhase section */

/* Begin PBXTargetDependency section */
		04E6D7241BDF54D300F3EBD0 /* PBXTargetDependency */ = {
			isa = PBXTargetDependency;
			target = 04E6D7081BDF54D200F3EBD0 /* One */;
			targetProxy = 04E6D7231BDF54D300F3EBD0 /* PBXContainerItemProxy */;
		};
		04E6D72F1BDF54D300F3EBD0 /* PBXTargetDependency */ = {
			isa = PBXTargetDependency;
			target = 04E6D7081BDF54D200F3EBD0 /* One */;
			targetProxy = 04E6D72E1BDF54D300F3EBD0 /* PBXContainerItemProxy */;
		};
/* End PBXTargetDependency section */

/* Begin PBXVariantGroup section */
		04E6D7151BDF54D300F3EBD0 /* Main.storyboard */ = {
			isa = PBXVariantGroup;
			children = (
				04E6D7161BDF54D300F3EBD0 /* Base */,
			);
			name = Main.storyboard;
			sourceTree = "<group>";
		};
		04E6D71A1BDF54D300F3EBD0 /* LaunchScreen.storyboard */ = {
			isa = PBXVariantGroup;
			children = (
				04E6D71B1BDF54D300F3EBD0 /* Base */,
			);
			name = LaunchScreen.storyboard;
			sourceTree = "<group>";
		};
/* End PBXVariantGroup section */

/* Begin XCBuildConfiguration section */
		04E6D7341BDF54D300F3EBD0 /* Debug */ = {
			isa = XCBuildConfiguration;
			buildSettings = {
				ALWAYS_SEARCH_USER_PATHS = NO;
				CLANG_CXX_LANGUAGE_STANDARD = "gnu++0x";
				CLANG_CXX_LIBRARY = "libc++";
				CLANG_ENABLE_MODULES = YES;
				CLANG_ENABLE_OBJC_ARC = YES;
				CLANG_WARN_BOOL_CONVERSION = YES;
				CLANG_WARN_CONSTANT_CONVERSION = YES;
				CLANG_WARN_DIRECT_OBJC_ISA_USAGE = YES_ERROR;
				CLANG_WARN_EMPTY_BODY = YES;
				CLANG_WARN_ENUM_CONVERSION = YES;
				CLANG_WARN_INT_CONVERSION = YES;
				CLANG_WARN_OBJC_ROOT_CLASS = YES_ERROR;
				CLANG_WARN_UNREACHABLE_CODE = YES;
				CLANG_WARN__DUPLICATE_METHOD_MATCH = YES;
				"CODE_SIGN_IDENTITY[sdk=iphoneos*]" = "iPhone Developer";
				COPY_PHASE_STRIP = NO;
				DEBUG_INFORMATION_FORMAT = dwarf;
				ENABLE_STRICT_OBJC_MSGSEND = YES;
				ENABLE_TESTABILITY = YES;
				GCC_C_LANGUAGE_STANDARD = gnu99;
				GCC_DYNAMIC_NO_PIC = NO;
				GCC_NO_COMMON_BLOCKS = YES;
				GCC_OPTIMIZATION_LEVEL = 0;
				GCC_PREPROCESSOR_DEFINITIONS = (
					"DEBUG=1",
					"$(inherited)",
				);
				GCC_WARN_64_TO_32_BIT_CONVERSION = YES;
				GCC_WARN_ABOUT_RETURN_TYPE = YES_ERROR;
				GCC_WARN_UNDECLARED_SELECTOR = YES;
				GCC_WARN_UNINITIALIZED_AUTOS = YES_AGGRESSIVE;
				GCC_WARN_UNUSED_FUNCTION = YES;
				GCC_WARN_UNUSED_VARIABLE = YES;
				IPHONEOS_DEPLOYMENT_TARGET = 9.0;
				MTL_ENABLE_DEBUG_INFO = YES;
				ONLY_ACTIVE_ARCH = YES;
				SDKROOT = iphoneos;
			};
			name = Debug;
		};
		04E6D7351BDF54D300F3EBD0 /* Release */ = {
			isa = XCBuildConfiguration;
			buildSettings = {
				ALWAYS_SEARCH_USER_PATHS = NO;
				CLANG_CXX_LANGUAGE_STANDARD = "gnu++0x";
				CLANG_CXX_LIBRARY = "libc++";
				CLANG_ENABLE_MODULES = YES;
				CLANG_ENABLE_OBJC_ARC = YES;
				CLANG_WARN_BOOL_CONVERSION = YES;
				CLANG_WARN_CONSTANT_CONVERSION = YES;
				CLANG_WARN_DIRECT_OBJC_ISA_USAGE = YES_ERROR;
				CLANG_WARN_EMPTY_BODY = YES;
				CLANG_WARN_ENUM_CONVERSION = YES;
				CLANG_WARN_INT_CONVERSION = YES;
				CLANG_WARN_OBJC_ROOT_CLASS = YES_ERROR;
				CLANG_WARN_UNREACHABLE_CODE = YES;
				CLANG_WARN__DUPLICATE_METHOD_MATCH = YES;
				"CODE_SIGN_IDENTITY[sdk=iphoneos*]" = "iPhone Developer";
				COPY_PHASE_STRIP = NO;
				DEBUG_INFORMATION_FORMAT = "dwarf-with-dsym";
				ENABLE_NS_ASSERTIONS = NO;
				ENABLE_STRICT_OBJC_MSGSEND = YES;
				GCC_C_LANGUAGE_STANDARD = gnu99;
				GCC_NO_COMMON_BLOCKS = YES;
				GCC_WARN_64_TO_32_BIT_CONVERSION = YES;
				GCC_WARN_ABOUT_RETURN_TYPE = YES_ERROR;
				GCC_WARN_UNDECLARED_SELECTOR = YES;
				GCC_WARN_UNINITIALIZED_AUTOS = YES_AGGRESSIVE;
				GCC_WARN_UNUSED_FUNCTION = YES;
				GCC_WARN_UNUSED_VARIABLE = YES;
				IPHONEOS_DEPLOYMENT_TARGET = 9.0;
				MTL_ENABLE_DEBUG_INFO = NO;
				SDKROOT = iphoneos;
				VALIDATE_PRODUCT = YES;
			};
			name = Release;
		};
		04E6D7371BDF54D300F3EBD0 /* Debug */ = {
			isa = XCBuildConfiguration;
			buildSettings = {
				ASSETCATALOG_COMPILER_APPICON_NAME = AppIcon;
				FRAMEWORK_SEARCH_PATHS = (
					"$(inherited)",
					"$(PROJECT_DIR)",
				);
				INFOPLIST_FILE = One/Info.plist;
				IPHONEOS_DEPLOYMENT_TARGET = 8.1;
				LD_RUNPATH_SEARCH_PATHS = "$(inherited) @executable_path/Frameworks";
				OTHER_LDFLAGS = (
					"-ObjC",
					"-lz",
					"-framework",
					Reveal,
				);
				PRODUCT_BUNDLE_IDENTIFIER = "-2.One";
				PRODUCT_NAME = "$(TARGET_NAME)";
			};
			name = Debug;
		};
		04E6D7381BDF54D300F3EBD0 /* Release */ = {
			isa = XCBuildConfiguration;
			buildSettings = {
				ASSETCATALOG_COMPILER_APPICON_NAME = AppIcon;
				FRAMEWORK_SEARCH_PATHS = (
					"$(inherited)",
					"$(PROJECT_DIR)",
				);
				INFOPLIST_FILE = One/Info.plist;
				IPHONEOS_DEPLOYMENT_TARGET = 8.1;
				LD_RUNPATH_SEARCH_PATHS = "$(inherited) @executable_path/Frameworks";
				OTHER_LDFLAGS = (
					"-ObjC",
					"-lz",
					"-framework",
					Reveal,
				);
				PRODUCT_BUNDLE_IDENTIFIER = "-2.One";
				PRODUCT_NAME = "$(TARGET_NAME)";
			};
			name = Release;
		};
		04E6D73A1BDF54D300F3EBD0 /* Debug */ = {
			isa = XCBuildConfiguration;
			buildSettings = {
				BUNDLE_LOADER = "$(TEST_HOST)";
				INFOPLIST_FILE = OneTests/Info.plist;
				LD_RUNPATH_SEARCH_PATHS = "$(inherited) @executable_path/Frameworks @loader_path/Frameworks";
				PRODUCT_BUNDLE_IDENTIFIER = "-2.OneTests";
				PRODUCT_NAME = "$(TARGET_NAME)";
				TEST_HOST = "$(BUILT_PRODUCTS_DIR)/One.app/One";
			};
			name = Debug;
		};
		04E6D73B1BDF54D300F3EBD0 /* Release */ = {
			isa = XCBuildConfiguration;
			buildSettings = {
				BUNDLE_LOADER = "$(TEST_HOST)";
				INFOPLIST_FILE = OneTests/Info.plist;
				LD_RUNPATH_SEARCH_PATHS = "$(inherited) @executable_path/Frameworks @loader_path/Frameworks";
				PRODUCT_BUNDLE_IDENTIFIER = "-2.OneTests";
				PRODUCT_NAME = "$(TARGET_NAME)";
				TEST_HOST = "$(BUILT_PRODUCTS_DIR)/One.app/One";
			};
			name = Release;
		};
		04E6D73D1BDF54D300F3EBD0 /* Debug */ = {
			isa = XCBuildConfiguration;
			buildSettings = {
				INFOPLIST_FILE = OneUITests/Info.plist;
				LD_RUNPATH_SEARCH_PATHS = "$(inherited) @executable_path/Frameworks @loader_path/Frameworks";
				PRODUCT_BUNDLE_IDENTIFIER = "-2.OneUITests";
				PRODUCT_NAME = "$(TARGET_NAME)";
				TEST_TARGET_NAME = One;
				USES_XCTRUNNER = YES;
			};
			name = Debug;
		};
		04E6D73E1BDF54D300F3EBD0 /* Release */ = {
			isa = XCBuildConfiguration;
			buildSettings = {
				INFOPLIST_FILE = OneUITests/Info.plist;
				LD_RUNPATH_SEARCH_PATHS = "$(inherited) @executable_path/Frameworks @loader_path/Frameworks";
				PRODUCT_BUNDLE_IDENTIFIER = "-2.OneUITests";
				PRODUCT_NAME = "$(TARGET_NAME)";
				TEST_TARGET_NAME = One;
				USES_XCTRUNNER = YES;
			};
			name = Release;
		};
/* End XCBuildConfiguration section */

/* Begin XCConfigurationList section */
		04E6D7041BDF54D200F3EBD0 /* Build configuration list for PBXProject "One" */ = {
			isa = XCConfigurationList;
			buildConfigurations = (
				04E6D7341BDF54D300F3EBD0 /* Debug */,
				04E6D7351BDF54D300F3EBD0 /* Release */,
			);
			defaultConfigurationIsVisible = 0;
			defaultConfigurationName = Release;
		};
		04E6D7361BDF54D300F3EBD0 /* Build configuration list for PBXNativeTarget "One" */ = {
			isa = XCConfigurationList;
			buildConfigurations = (
				04E6D7371BDF54D300F3EBD0 /* Debug */,
				04E6D7381BDF54D300F3EBD0 /* Release */,
			);
			defaultConfigurationIsVisible = 0;
			defaultConfigurationName = Release;
		};
		04E6D7391BDF54D300F3EBD0 /* Build configuration list for PBXNativeTarget "OneTests" */ = {
			isa = XCConfigurationList;
			buildConfigurations = (
				04E6D73A1BDF54D300F3EBD0 /* Debug */,
				04E6D73B1BDF54D300F3EBD0 /* Release */,
			);
			defaultConfigurationIsVisible = 0;
			defaultConfigurationName = Release;
		};
		04E6D73C1BDF54D300F3EBD0 /* Build configuration list for PBXNativeTarget "OneUITests" */ = {
			isa = XCConfigurationList;
			buildConfigurations = (
				04E6D73D1BDF54D300F3EBD0 /* Debug */,
				04E6D73E1BDF54D300F3EBD0 /* Release */,
			);
			defaultConfigurationIsVisible = 0;
			defaultConfigurationName = Release;
		};
/* End XCConfigurationList section */
	};
	rootObject = 04E6D7011BDF54D200F3EBD0 /* Project object */;
}
